
Microsoft Visual Studio Solution File, Format Version 12.00
# Visual Studio Version 17
VisualStudioVersion = 17.1.32407.343
MinimumVisualStudioVersion = 10.0.40219.1
Project("{8BC9CEB8-8B4A-11D0-8D11-00A0C91BC942}") = "Task1 Fntastic", "Task1 Fntastic\Task1 Fntastic.vcxproj", "{26A2B2FA-7D00-41EA-BCAD-C4B66448AAC4}"
EndProject
Global
	GlobalSection(SolutionConfigurationPlatforms) = preSolution
		Debug|x64 = Debug|x64
		Debug|x86 = Debug|x86
		Release|x64 = Release|x64
		Release|x86 = Release|x86
	EndGlobalSection
	GlobalSection(ProjectConfigurationPlatforms) = postSolution
		{26A2B2FA-7D00-41EA-BCAD-C4B66448AAC4}.Debug|x64.ActiveCfg = Debug|x64
		{26A2B2FA-7D00-41EA-BCAD-C4B66448AAC4}.Debug|x64.Build.0 = Debug|x64
		{26A2B2FA-7D00-41EA-BCAD-C4B66448AAC4}.Debug|x86.ActiveCfg = Debug|Win32
		{26A2B2FA-7D00-41EA-BCAD-C4B66448AAC4}.Debug|x86.Build.0 = Debug|Win32
		{26A2B2FA-7D00-41EA-BCAD-C4B66448AAC4}.Release|x64.ActiveCfg = Release|x64
		{26A2B2FA-7D00-41EA-BCAD-C4B66448AAC4}.Release|x64.Build.0 = Release|x64
		{26A2B2FA-7D00-41EA-BCAD-C4B66448AAC4}.Release|x86.ActiveCfg = Release|Win32
		{26A2B2FA-7D00-41EA-BCAD-C4B66448AAC4}.Release|x86.Build.0 = Release|Win32
	EndGlobalSection
	GlobalSection(SolutionProperties) = preSolution
		HideSolutionNode = FALSE
	EndGlobalSection
	GlobalSection(ExtensibilityGlobals) = postSolution
		SolutionGuid = {83833803-8C5B-4660-972B-97A36BB67F31}
	EndGlobalSection
EndGlobal
